# This is a Gradle generated file for dependency locking.
# Manual edits can break the build and are not advised.
# This file is expected to be part of source control.
androidx.activity:activity:1.8.0=debugCompileClasspath
androidx.annotation:annotation-experimental:1.4.1=debugCompileClasspath
androidx.annotation:annotation-jvm:1.8.1=debugCompileClasspath
androidx.annotation:annotation:1.8.1=debugCompileClasspath
androidx.appcompat:appcompat-resources:1.7.1=debugCompileClasspath
androidx.appcompat:appcompat:1.7.1=debugCompileClasspath
androidx.arch.core:core-common:2.2.0=debugCompileClasspath
androidx.arch.core:core-runtime:2.1.0=debugCompileClasspath
androidx.cardview:cardview:1.0.0=debugCompileClasspath
androidx.collection:collection:1.1.0=debugCompileClasspath
androidx.constraintlayout:constraintlayout:2.1.0=debugCompileClasspath
androidx.coordinatorlayout:coordinatorlayout:1.1.0=debugCompileClasspath
androidx.core:core-ktx:1.18.0=debugCompileClasspath
androidx.core:core-viewtree:1.0.0=debugCompileClasspath
androidx.core:core:1.18.0=debugCompileClasspath
androidx.cursoradapter:cursoradapter:1.0.0=debugCompileClasspath
androidx.customview:customview:1.1.0=debugCompileClasspath
androidx.drawerlayout:drawerlayout:1.1.1=debugCompileClasspath
androidx.dynamicanimation:dynamicanimation:1.1.0=debugCompileClasspath
androidx.fragment:fragment:1.5.4=debugCompileClasspath
androidx.graphics:graphics-shapes-android:1.0.1=debugCompileClasspath
androidx.graphics:graphics-shapes:1.0.1=debugCompileClasspath
androidx.interpolator:interpolator:1.0.0=debugCompileClasspath
androidx.lifecycle:lifecycle-common:2.6.2=debugCompileClasspath
androidx.lifecycle:lifecycle-livedata-core:2.6.2=debugCompileClasspath
androidx.lifecycle:lifecycle-livedata:2.6.2=debugCompileClasspath
androidx.lifecycle:lifecycle-runtime:2.6.2=debugCompileClasspath
androidx.lifecycle:lifecycle-viewmodel-savedstate:2.6.2=debugCompileClasspath
androidx.lifecycle:lifecycle-viewmodel:2.6.2=debugCompileClasspath
androidx.loader:loader:1.0.0=debugCompileClasspath
androidx.recyclerview:recyclerview:1.2.1=debugCompileClasspath
androidx.resourceinspection:resourceinspection-annotation:1.0.1=debugCompileClasspath
androidx.savedstate:savedstate:1.2.1=debugCompileClasspath
androidx.transition:transition:1.5.0=debugCompileClasspath
androidx.vectordrawable:vectordrawable-animated:1.1.0=debugCompileClasspath
androidx.vectordrawable:vectordrawable:1.1.0=debugCompileClasspath
androidx.versionedparcelable:versionedparcelable:1.1.1=debugCompileClasspath
androidx.viewpager2:viewpager2:1.0.0=debugCompileClasspath
androidx.viewpager:viewpager:1.0.0=debugCompileClasspath
com.google.android.material:material:1.13.0=debugCompileClasspath
com.google.guava:listenablefuture:1.0=debugCompileClasspath
org.jetbrains.kotlin:kotlin-build-tools-api:2.3.20=kotlinBuildToolsApiClasspath
org.jetbrains.kotlin:kotlin-build-tools-compat:2.3.20=kotlinBuildToolsApiClasspath
org.jetbrains.kotlin:kotlin-build-tools-cri-impl:2.3.20=kotlinBuildToolsApiClasspath
org.jetbrains.kotlin:kotlin-build-tools-impl:2.3.20=kotlinBuildToolsApiClasspath
org.jetbrains.kotlin:kotlin-compiler-embeddable:2.3.20=kotlinBuildToolsApiClasspath
org.jetbrains.kotlin:kotlin-compiler-runner:2.3.20=kotlinBuildToolsApiClasspath
org.jetbrains.kotlin:kotlin-daemon-client:2.3.20=kotlinBuildToolsApiClasspath
org.jetbrains.kotlin:kotlin-daemon-embeddable:2.3.20=kotlinBuildToolsApiClasspath
org.jetbrains.kotlin:kotlin-reflect:1.6.10=kotlinBuildToolsApiClasspath
org.jetbrains.kotlin:kotlin-script-runtime:2.3.20=kotlinBuildToolsApiClasspath
org.jetbrains.kotlin:kotlin-serialization-compiler-plugin-embeddable:2.3.20=kotlinCompilerPluginClasspathDebug
org.jetbrains.kotlin:kotlin-stdlib-common:2.3.20=debugCompileClasspath
org.jetbrains.kotlin:kotlin-stdlib:2.3.20=debugCompileClasspath,kotlinBuildToolsApiClasspath
org.jetbrains.kotlin:kotlin-tooling-core:2.3.20=kotlinBuildToolsApiClasspath
org.jetbrains.kotlinx:kotlinx-coroutines-android:1.9.0=debugCompileClasspath
org.jetbrains.kotlinx:kotlinx-coroutines-bom:1.9.0=debugCompileClasspath
org.jetbrains.kotlinx:kotlinx-coroutines-core-jvm:1.8.0=kotlinBuildToolsApiClasspath
org.jetbrains.kotlinx:kotlinx-coroutines-core-jvm:1.9.0=debugCompileClasspath
org.jetbrains.kotlinx:kotlinx-coroutines-core:1.9.0=debugCompileClasspath
org.jetbrains.kotlinx:kotlinx-datetime-jvm:0.6.0=debugCompileClasspath
org.jetbrains.kotlinx:kotlinx-datetime:0.6.0=debugCompileClasspath
org.jetbrains.kotlinx:kotlinx-serialization-bom:1.6.3=debugCompileClasspath
org.jetbrains.kotlinx:kotlinx-serialization-core-jvm:1.6.3=debugCompileClasspath
org.jetbrains.kotlinx:kotlinx-serialization-core:1.6.3=debugCompileClasspath
org.jetbrains.kotlinx:kotlinx-serialization-json-jvm:1.6.3=debugCompileClasspath
org.jetbrains.kotlinx:kotlinx-serialization-json:1.6.3=debugCompileClasspath
org.jetbrains:annotations:13.0=kotlinBuildToolsApiClasspath
org.jetbrains:annotations:23.0.0=debugCompileClasspath
org.jspecify:jspecify:1.0.0=debugCompileClasspath
empty=androidApis,debugAnnotationProcessorClasspath,kotlinCompilerPluginClasspath
